// !$*UTF8*$!
{
	archiveVersion = 1;
	classes = {
	};
	objectVersion = 56;
	objects = {

/* Begin PBXBuildFile section */
		D80F8E962B4CE992000AE207 /* SettingView.swift in Sources */ = {isa = PBXBuildFile; fileRef = D80F8E952B4CE992000AE207 /* SettingView.swift */; };
		D80F8E982B4CEC2B000AE207 /* SettingContentView.swift in Sources */ = {isa = PBXBuildFile; fileRef = D80F8E972B4CEC2B000AE207 /* SettingContentView.swift */; };
		D8EE51A42B4BDF9D00FD8D1C /* FilmApp.swift in Sources */ = {isa = PBXBuildFile; fileRef = D8EE51A32B4BDF9D00FD8D1C /* FilmApp.swift */; };
		D8EE51A62B4BDF9D00FD8D1C /* ContentView.swift in Sources */ = {isa = PBXBuildFile; fileRef = D8EE51A52B4BDF9D00FD8D1C /* ContentView.swift */; };
		D8EE51A82B4BDF9E00FD8D1C /* Assets.xcassets in Resources */ = {isa = PBXBuildFile; fileRef = D8EE51A72B4BDF9E00FD8D1C /* Assets.xcassets */; };
		D8EE51B22B4BEBFA00FD8D1C /* MainView.swift in Sources */ = {isa = PBXBuildFile; fileRef = D8EE51B12B4BEBFA00FD8D1C /* MainView.swift */; };
		D8EE51BC2B4BFD4800FD8D1C /* Request.swift in Sources */ = {isa = PBXBuildFile; fileRef = D8EE51BB2B4BFD4800FD8D1C /* Request.swift */; };
		D8EE51C22B4C02BB00FD8D1C /* libbackend.a in Frameworks */ = {isa = PBXBuildFile; fileRef = D8EE51C12B4C02B000FD8D1C /* libbackend.a */; };
		D8EE51C42B4C02DC00FD8D1C /* libresolv.tbd in Frameworks */ = {isa = PBXBuildFile; fileRef = D8EE51C32B4C02C300FD8D1C /* libresolv.tbd */; };
		D8EE51CC2B4C2CA100FD8D1C /* dist in Resources */ = {isa = PBXBuildFile; fileRef = D8EE51CB2B4C2CA100FD8D1C /* dist */; };
/* End PBXBuildFile section */

/* Begin PBXFileReference section */
		D80F8E942B4CE639000AE207 /* Info.plist */ = {isa = PBXFileReference; lastKnownFileType = text.plist; path = Info.plist; sourceTree = "<group>"; };
		D80F8E952B4CE992000AE207 /* SettingView.swift */ = {isa = PBXFileReference; lastKnownFileType = sourcecode.swift; path = SettingView.swift; sourceTree = "<group>"; };
		D80F8E972B4CEC2B000AE207 /* SettingContentView.swift */ = {isa = PBXFileReference; lastKnownFileType = sourcecode.swift; path = SettingContentView.swift; sourceTree = "<group>"; };
		D8EE51A02B4BDF9D00FD8D1C /* Film.app */ = {isa = PBXFileReference; explicitFileType = wrapper.application; includeInIndex = 0; path = Film.app; sourceTree = BUILT_PRODUCTS_DIR; };
		D8EE51A32B4BDF9D00FD8D1C /* FilmApp.swift */ = {isa = PBXFileReference; lastKnownFileType = sourcecode.swift; path = FilmApp.swift; sourceTree = "<group>"; };
		D8EE51A52B4BDF9D00FD8D1C /* ContentView.swift */ = {isa = PBXFileReference; lastKnownFileType = sourcecode.swift; path = ContentView.swift; sourceTree = "<group>"; };
		D8EE51A72B4BDF9E00FD8D1C /* Assets.xcassets */ = {isa = PBXFileReference; lastKnownFileType = folder.assetcatalog; path = Assets.xcassets; sourceTree = "<group>"; };
		D8EE51AA2B4BDF9E00FD8D1C /* Preview Assets.xcassets */ = {isa = PBXFileReference; lastKnownFileType = folder.assetcatalog; path = "Preview Assets.xcassets"; sourceTree = "<group>"; };
		D8EE51B12B4BEBFA00FD8D1C /* MainView.swift */ = {isa = PBXFileReference; lastKnownFileType = sourcecode.swift; path = MainView.swift; sourceTree = "<group>"; };
		D8EE51B42B4BFA2400FD8D1C /* exports.h */ = {isa = PBXFileReference; lastKnownFileType = sourcecode.c.h; path = exports.h; sourceTree = "<group>"; };
		D8EE51B52B4BFA5200FD8D1C /* bridging-header.h */ = {isa = PBXFileReference; lastKnownFileType = sourcecode.c.h; path = "bridging-header.h"; sourceTree = "<group>"; };
		D8EE51BB2B4BFD4800FD8D1C /* Request.swift */ = {isa = PBXFileReference; lastKnownFileType = sourcecode.swift; path = Request.swift; sourceTree = "<group>"; };
		D8EE51C12B4C02B000FD8D1C /* libbackend.a */ = {isa = PBXFileReference; lastKnownFileType = archive.ar; name = libbackend.a; path = ../backend/target/universal/release/libbackend.a; sourceTree = "<group>"; };
		D8EE51C32B4C02C300FD8D1C /* libresolv.tbd */ = {isa = PBXFileReference; lastKnownFileType = "sourcecode.text-based-dylib-definition"; name = libresolv.tbd; path = usr/lib/libresolv.tbd; sourceTree = SDKROOT; };
		D8EE51CB2B4C2CA100FD8D1C /* dist */ = {isa = PBXFileReference; lastKnownFileType = folder; path = dist; sourceTree = "<group>"; };
/* End PBXFileReference section */

/* Begin PBXFrameworksBuildPhase section */
		D8EE519D2B4BDF9D00FD8D1C /* Frameworks */ = {
			isa = PBXFrameworksBuildPhase;
			buildActionMask = 2147483647;
			files = (
				D8EE51C22B4C02BB00FD8D1C /* libbackend.a in Frameworks */,
				D8EE51C42B4C02DC00FD8D1C /* libresolv.tbd in Frameworks */,
			);
			runOnlyForDeploymentPostprocessing = 0;
		};
/* End PBXFrameworksBuildPhase section */

/* Begin PBXGroup section */
		D80F8E992B4CEC53000AE207 /* views */ = {
			isa = PBXGroup;
			children = (
				D8EE51A52B4BDF9D00FD8D1C /* ContentView.swift */,
				D80F8E972B4CEC2B000AE207 /* SettingContentView.swift */,
			);
			path = views;
			sourceTree = "<group>";
		};
		D8EE51972B4BDF9D00FD8D1C = {
			isa = PBXGroup;
			children = (
				D8EE51A22B4BDF9D00FD8D1C /* Film */,
				D8EE51A12B4BDF9D00FD8D1C /* Products */,
				D8EE51B62B4BFC6200FD8D1C /* Frameworks */,
			);
			sourceTree = "<group>";
		};
		D8EE51A12B4BDF9D00FD8D1C /* Products */ = {
			isa = PBXGroup;
			children = (
				D8EE51A02B4BDF9D00FD8D1C /* Film.app */,
			);
			name = Products;
			sourceTree = "<group>";
		};
		D8EE51A22B4BDF9D00FD8D1C /* Film */ = {
			isa = PBXGroup;
			children = (
				D8EE51CB2B4C2CA100FD8D1C /* dist */,
				D80F8E992B4CEC53000AE207 /* views */,
				D8EE51BA2B4BFD3500FD8D1C /* models */,
				D8EE51A32B4BDF9D00FD8D1C /* FilmApp.swift */,
				D8EE51B42B4BFA2400FD8D1C /* exports.h */,
				D8EE51B52B4BFA5200FD8D1C /* bridging-header.h */,
				D80F8E942B4CE639000AE207 /* Info.plist */,
				D8EE51A72B4BDF9E00FD8D1C /* Assets.xcassets */,
				D8EE51A92B4BDF9E00FD8D1C /* Preview Content */,
				D8EE51B32B4BEC0E00FD8D1C /* webViews */,
			);
			path = Film;
			sourceTree = "<group>";
		};
		D8EE51A92B4BDF9E00FD8D1C /* Preview Content */ = {
			isa = PBXGroup;
			children = (
				D8EE51AA2B4BDF9E00FD8D1C /* Preview Assets.xcassets */,
			);
			path = "Preview Content";
			sourceTree = "<group>";
		};
		D8EE51B32B4BEC0E00FD8D1C /* webViews */ = {
			isa = PBXGroup;
			children = (
				D8EE51B12B4BEBFA00FD8D1C /* MainView.swift */,
				D80F8E952B4CE992000AE207 /* SettingView.swift */,
			);
			path = webViews;
			sourceTree = "<group>";
		};
		D8EE51B62B4BFC6200FD8D1C /* Frameworks */ = {
			isa = PBXGroup;
			children = (
				D8EE51C32B4C02C300FD8D1C /* libresolv.tbd */,
				D8EE51C12B4C02B000FD8D1C /* libbackend.a */,
			);
			name = Frameworks;
			sourceTree = "<group>";
		};
		D8EE51BA2B4BFD3500FD8D1C /* models */ = {
			isa = PBXGroup;
			children = (
				D8EE51BB2B4BFD4800FD8D1C /* Request.swift */,
			);
			path = models;
			sourceTree = "<group>";
		};
/* End PBXGroup section */

/* Begin PBXNativeTarget section */
		D8EE519F2B4BDF9D00FD8D1C /* Film */ = {
			isa = PBXNativeTarget;
			buildConfigurationList = D8EE51AE2B4BDF9E00FD8D1C /* Build configuration list for PBXNativeTarget "Film" */;
			buildPhases = (
				D8EE519C2B4BDF9D00FD8D1C /* Sources */,
				D8EE519D2B4BDF9D00FD8D1C /* Frameworks */,
				D8EE519E2B4BDF9D00FD8D1C /* Resources */,
			);
			buildRules = (
			);
			dependencies = (
			);
			name = Film;
			productName = Film;
			productReference = D8EE51A02B4BDF9D00FD8D1C /* Film.app */;
			productType = "com.apple.product-type.application";
		};
/* End PBXNativeTarget section */

/* Begin PBXProject section */
		D8EE51982B4BDF9D00FD8D1C /* Project object */ = {
			isa = PBXProject;
			attributes = {
				BuildIndependentTargetsInParallel = 1;
				LastSwiftUpdateCheck = 1500;
				LastUpgradeCheck = 1500;
				TargetAttributes = {
					D8EE519F2B4BDF9D00FD8D1C = {
						CreatedOnToolsVersion = 15.0;
					};
				};
			};
			buildConfigurationList = D8EE519B2B4BDF9D00FD8D1C /* Build configuration list for PBXProject "Film" */;
			compatibilityVersion = "Xcode 14.0";
			developmentRegion = en;
			hasScannedForEncodings = 0;
			knownRegions = (
				en,
				Base,
			);
			mainGroup = D8EE51972B4BDF9D00FD8D1C;
			productRefGroup = D8EE51A12B4BDF9D00FD8D1C /* Products */;
			projectDirPath = "";
			projectRoot = "";
			targets = (
				D8EE519F2B4BDF9D00FD8D1C /* Film */,
			);
		};
/* End PBXProject section */

/* Begin PBXResourcesBuildPhase section */
		D8EE519E2B4BDF9D00FD8D1C /* Resources */ = {
			isa = PBXResourcesBuildPhase;
			buildActionMask = 2147483647;
			files = (
				D8EE51CC2B4C2CA100FD8D1C /* dist in Resources */,
				D8EE51A82B4BDF9E00FD8D1C /* Assets.xcassets in Resources */,
			);
			runOnlyForDeploymentPostprocessing = 0;
		};
/* End PBXResourcesBuildPhase section */

/* Begin PBXSourcesBuildPhase section */
		D8EE519C2B4BDF9D00FD8D1C /* Sources */ = {
			isa = PBXSourcesBuildPhase;
			buildActionMask = 2147483647;
			files = (
				D8EE51A62B4BDF9D00FD8D1C /* ContentView.swift in Sources */,
				D80F8E962B4CE992000AE207 /* SettingView.swift in Sources */,
				D8EE51BC2B4BFD4800FD8D1C /* Request.swift in Sources */,
				D80F8E982B4CEC2B000AE207 /* SettingContentView.swift in Sources */,
				D8EE51B22B4BEBFA00FD8D1C /* MainView.swift in Sources */,
				D8EE51A42B4BDF9D00FD8D1C /* FilmApp.swift in Sources */,
			);
			runOnlyForDeploymentPostprocessing = 0;
		};
/* End PBXSourcesBuildPhase section */

/* Begin XCBuildConfiguration section */
		D8EE51AC2B4BDF9E00FD8D1C /* Debug */ = {
			isa = XCBuildConfiguration;
			buildSettings = {
				ALWAYS_SEARCH_USER_PATHS = NO;
				ASSETCATALOG_COMPILER_GENERATE_SWIFT_ASSET_SYMBOL_EXTENSIONS = YES;
				CLANG_ANALYZER_NONNULL = YES;
				CLANG_ANALYZER_NUMBER_OBJECT_CONVERSION = YES_AGGRESSIVE;
				CLANG_CXX_LANGUAGE_STANDARD = "gnu++20";
				CLANG_ENABLE_MODULES = YES;
				CLANG_ENABLE_OBJC_ARC = YES;
				CLANG_ENABLE_OBJC_WEAK = YES;
				CLANG_WARN_BLOCK_CAPTURE_AUTORELEASING = YES;
				CLANG_WARN_BOOL_CONVERSION = YES;
				CLANG_WARN_COMMA = YES;
				CLANG_WARN_CONSTANT_CONVERSION = YES;
				CLANG_WARN_DEPRECATED_OBJC_IMPLEMENTATIONS = YES;
				CLANG_WARN_DIRECT_OBJC_ISA_USAGE = YES_ERROR;
				CLANG_WARN_DOCUMENTATION_COMMENTS = YES;
				CLANG_WARN_EMPTY_BODY = YES;
				CLANG_WARN_ENUM_CONVERSION = YES;
				CLANG_WARN_INFINITE_RECURSION = YES;
				CLANG_WARN_INT_CONVERSION = YES;
				CLANG_WARN_NON_LITERAL_NULL_CONVERSION = YES;
				CLANG_WARN_OBJC_IMPLICIT_RETAIN_SELF = YES;
				CLANG_WARN_OBJC_LITERAL_CONVERSION = YES;
				CLANG_WARN_OBJC_ROOT_CLASS = YES_ERROR;
				CLANG_WARN_QUOTED_INCLUDE_IN_FRAMEWORK_HEADER = YES;
				CLANG_WARN_RANGE_LOOP_ANALYSIS = YES;
				CLANG_WARN_STRICT_PROTOTYPES = YES;
				CLANG_WARN_SUSPICIOUS_MOVE = YES;
				CLANG_WARN_UNGUARDED_AVAILABILITY = YES_AGGRESSIVE;
				CLANG_WARN_UNREACHABLE_CODE = YES;
				CLANG_WARN__DUPLICATE_METHOD_MATCH = YES;
				COPY_PHASE_STRIP = NO;
				DEBUG_INFORMATION_FORMAT = dwarf;
				ENABLE_STRICT_OBJC_MSGSEND = YES;
				ENABLE_TESTABILITY = YES;
				ENABLE_USER_SCRIPT_SANDBOXING = YES;
				GCC_C_LANGUAGE_STANDARD = gnu17;
				GCC_DYNAMIC_NO_PIC = NO;
				GCC_NO_COMMON_BLOCKS = YES;
				GCC_OPTIMIZATION_LEVEL = 0;
				GCC_PREPROCESSOR_DEFINITIONS = (
					"DEBUG=1",
					"$(inherited)",
				);
				GCC_WARN_64_TO_32_BIT_CONVERSION = YES;
				GCC_WARN_ABOUT_RETURN_TYPE = YES_ERROR;
				GCC_WARN_UNDECLARED_SELECTOR = YES;
				GCC_WARN_UNINITIALIZED_AUTOS = YES_AGGRESSIVE;
				GCC_WARN_UNUSED_FUNCTION = YES;
				GCC_WARN_UNUSED_VARIABLE = YES;
				IPHONEOS_DEPLOYMENT_TARGET = 17.0;
				LOCALIZATION_PREFERS_STRING_CATALOGS = YES;
				MTL_ENABLE_DEBUG_INFO = INCLUDE_SOURCE;
				MTL_FAST_MATH = YES;
				ONLY_ACTIVE_ARCH = YES;
				SDKROOT = iphoneos;
				SWIFT_ACTIVE_COMPILATION_CONDITIONS = "DEBUG $(inherited)";
				SWIFT_OPTIMIZATION_LEVEL = "-Onone";
			};
			name = Debug;
		};
		D8EE51AD2B4BDF9E00FD8D1C /* Release */ = {
			isa = XCBuildConfiguration;
			buildSettings = {
				ALWAYS_SEARCH_USER_PATHS = NO;
				ASSETCATALOG_COMPILER_GENERATE_SWIFT_ASSET_SYMBOL_EXTENSIONS = YES;
				CLANG_ANALYZER_NONNULL = YES;
				CLANG_ANALYZER_NUMBER_OBJECT_CONVERSION = YES_AGGRESSIVE;
				CLANG_CXX_LANGUAGE_STANDARD = "gnu++20";
				CLANG_ENABLE_MODULES = YES;
				CLANG_ENABLE_OBJC_ARC = YES;
				CLANG_ENABLE_OBJC_WEAK = YES;
				CLANG_WARN_BLOCK_CAPTURE_AUTORELEASING = YES;
				CLANG_WARN_BOOL_CONVERSION = YES;
				CLANG_WARN_COMMA = YES;
				CLANG_WARN_CONSTANT_CONVERSION = YES;
				CLANG_WARN_DEPRECATED_OBJC_IMPLEMENTATIONS = YES;
				CLANG_WARN_DIRECT_OBJC_ISA_USAGE = YES_ERROR;
				CLANG_WARN_DOCUMENTATION_COMMENTS = YES;
				CLANG_WARN_EMPTY_BODY = YES;
				CLANG_WARN_ENUM_CONVERSION = YES;
				CLANG_WARN_INFINITE_RECURSION = YES;
				CLANG_WARN_INT_CONVERSION = YES;
				CLANG_WARN_NON_LITERAL_NULL_CONVERSION = YES;
				CLANG_WARN_OBJC_IMPLICIT_RETAIN_SELF = YES;
				CLANG_WARN_OBJC_LITERAL_CONVERSION = YES;
				CLANG_WARN_OBJC_ROOT_CLASS = YES_ERROR;
				CLANG_WARN_QUOTED_INCLUDE_IN_FRAMEWORK_HEADER = YES;
				CLANG_WARN_RANGE_LOOP_ANALYSIS = YES;
				CLANG_WARN_STRICT_PROTOTYPES = YES;
				CLANG_WARN_SUSPICIOUS_MOVE = YES;
				CLANG_WARN_UNGUARDED_AVAILABILITY = YES_AGGRESSIVE;
				CLANG_WARN_UNREACHABLE_CODE = YES;
				CLANG_WARN__DUPLICATE_METHOD_MATCH = YES;
				COPY_PHASE_STRIP = NO;
				DEBUG_INFORMATION_FORMAT = "dwarf-with-dsym";
				ENABLE_NS_ASSERTIONS = NO;
				ENABLE_STRICT_OBJC_MSGSEND = YES;
				ENABLE_USER_SCRIPT_SANDBOXING = YES;
				GCC_C_LANGUAGE_STANDARD = gnu17;
				GCC_NO_COMMON_BLOCKS = YES;
				GCC_WARN_64_TO_32_BIT_CONVERSION = YES;
				GCC_WARN_ABOUT_RETURN_TYPE = YES_ERROR;
				GCC_WARN_UNDECLARED_SELECTOR = YES;
				GCC_WARN_UNINITIALIZED_AUTOS = YES_AGGRESSIVE;
				GCC_WARN_UNUSED_FUNCTION = YES;
				GCC_WARN_UNUSED_VARIABLE = YES;
				IPHONEOS_DEPLOYMENT_TARGET = 17.0;
				LOCALIZATION_PREFERS_STRING_CATALOGS = YES;
				MTL_ENABLE_DEBUG_INFO = NO;
				MTL_FAST_MATH = YES;
				SDKROOT = iphoneos;
				SWIFT_COMPILATION_MODE = wholemodule;
				VALIDATE_PRODUCT = YES;
			};
			name = Release;
		};
		D8EE51AF2B4BDF9E00FD8D1C /* Debug */ = {
			isa = XCBuildConfiguration;
			buildSettings = {
				ALLOW_TARGET_PLATFORM_SPECIALIZATION = YES;
				ASSETCATALOG_COMPILER_APPICON_NAME = AppIcon;
				ASSETCATALOG_COMPILER_GLOBAL_ACCENT_COLOR_NAME = AccentColor;
				CODE_SIGN_STYLE = Automatic;
				CURRENT_PROJECT_VERSION = 1;
				DEVELOPMENT_ASSET_PATHS = "\"Film/Preview Content\"";
				DEVELOPMENT_TEAM = WXCUELC4PB;
				ENABLE_PREVIEWS = YES;
				EXCLUDED_ARCHS = "";
				"EXCLUDED_ARCHS[sdk=iphonesimulator*]" = arm64;
				GENERATE_INFOPLIST_FILE = YES;
				INFOPLIST_FILE = Film/Info.plist;
				INFOPLIST_KEY_UIApplicationSceneManifest_Generation = YES;
				INFOPLIST_KEY_UIApplicationSupportsIndirectInputEvents = YES;
				INFOPLIST_KEY_UILaunchScreen_Generation = YES;
				INFOPLIST_KEY_UISupportedInterfaceOrientations_iPad = "UIInterfaceOrientationPortrait UIInterfaceOrientationPortraitUpsideDown UIInterfaceOrientationLandscapeLeft UIInterfaceOrientationLandscapeRight";
				INFOPLIST_KEY_UISupportedInterfaceOrientations_iPhone = "UIInterfaceOrientationPortrait UIInterfaceOrientationLandscapeLeft UIInterfaceOrientationLandscapeRight";
				IPHONEOS_DEPLOYMENT_TARGET = 16.0;
				LD_RUNPATH_SEARCH_PATHS = (
					"$(inherited)",
					"@executable_path/Frameworks",
				);
				LIBRARY_SEARCH_PATHS = "$(PROJECT_DIR)/../backend/target/universal/release";
				MARKETING_VERSION = 1.0.0;
				PRODUCT_BUNDLE_IDENTIFIER = com.tdx.app.Film;
				PRODUCT_NAME = "$(TARGET_NAME)";
				SUPPORTED_PLATFORMS = "iphonesimulator iphoneos";
				SUPPORTS_MACCATALYST = YES;
				SWIFT_EMIT_LOC_STRINGS = YES;
				SWIFT_OBJC_BRIDGING_HEADER = "$(PROJECT_DIR)/Film/bridging-header.h";
				SWIFT_VERSION = 5.0;
				TARGETED_DEVICE_FAMILY = "1,2";
			};
			name = Debug;
		};
		D8EE51B02B4BDF9E00FD8D1C /* Release */ = {
			isa = XCBuildConfiguration;
			buildSettings = {
				ALLOW_TARGET_PLATFORM_SPECIALIZATION = YES;
				ASSETCATALOG_COMPILER_APPICON_NAME = AppIcon;
				ASSETCATALOG_COMPILER_GLOBAL_ACCENT_COLOR_NAME = AccentColor;
				CODE_SIGN_STYLE = Automatic;
				CURRENT_PROJECT_VERSION = 1;
				DEVELOPMENT_ASSET_PATHS = "\"Film/Preview Content\"";
				DEVELOPMENT_TEAM = WXCUELC4PB;
				ENABLE_PREVIEWS = YES;
				EXCLUDED_ARCHS = "";
				GENERATE_INFOPLIST_FILE = YES;
				INFOPLIST_FILE = Film/Info.plist;
				INFOPLIST_KEY_UIApplicationSceneManifest_Generation = YES;
				INFOPLIST_KEY_UIApplicationSupportsIndirectInputEvents = YES;
				INFOPLIST_KEY_UILaunchScreen_Generation = YES;
				INFOPLIST_KEY_UISupportedInterfaceOrientations_iPad = "UIInterfaceOrientationPortrait UIInterfaceOrientationPortraitUpsideDown UIInterfaceOrientationLandscapeLeft UIInterfaceOrientationLandscapeRight";
				INFOPLIST_KEY_UISupportedInterfaceOrientations_iPhone = "UIInterfaceOrientationPortrait UIInterfaceOrientationLandscapeLeft UIInterfaceOrientationLandscapeRight";
				IPHONEOS_DEPLOYMENT_TARGET = 16.0;
				LD_RUNPATH_SEARCH_PATHS = (
					"$(inherited)",
					"@executable_path/Frameworks",
				);
				LIBRARY_SEARCH_PATHS = "$(PROJECT_DIR)/../backend/target/universal/release";
				MARKETING_VERSION = 1.0.0;
				PRODUCT_BUNDLE_IDENTIFIER = com.tdx.app.Film;
				PRODUCT_NAME = "$(TARGET_NAME)";
				SUPPORTED_PLATFORMS = "iphonesimulator iphoneos";
				SUPPORTS_MACCATALYST = YES;
				SWIFT_EMIT_LOC_STRINGS = YES;
				SWIFT_OBJC_BRIDGING_HEADER = "$(PROJECT_DIR)/Film/bridging-header.h";
				SWIFT_VERSION = 5.0;
				TARGETED_DEVICE_FAMILY = "1,2";
			};
			name = Release;
		};
/* End XCBuildConfiguration section */

/* Begin XCConfigurationList section */
		D8EE519B2B4BDF9D00FD8D1C /* Build configuration list for PBXProject "Film" */ = {
			isa = XCConfigurationList;
			buildConfigurations = (
				D8EE51AC2B4BDF9E00FD8D1C /* Debug */,
				D8EE51AD2B4BDF9E00FD8D1C /* Release */,
			);
			defaultConfigurationIsVisible = 0;
			defaultConfigurationName = Release;
		};
		D8EE51AE2B4BDF9E00FD8D1C /* Build configuration list for PBXNativeTarget "Film" */ = {
			isa = XCConfigurationList;
			buildConfigurations = (
				D8EE51AF2B4BDF9E00FD8D1C /* Debug */,
				D8EE51B02B4BDF9E00FD8D1C /* Release */,
			);
			defaultConfigurationIsVisible = 0;
			defaultConfigurationName = Release;
		};
/* End XCConfigurationList section */
	};
	rootObject = D8EE51982B4BDF9D00FD8D1C /* Project object */;
}
