// !$*UTF8*$!
{
	archiveVersion = 1;
	classes = {
	};
	objectVersion = 56;
	objects = {

/* Begin PBXBuildFile section */
		D803B3372B4E3095000FE06A /* dist in Resources */ = {isa = PBXBuildFile; fileRef = D803B3362B4E3095000FE06A /* dist */; };
		D803B33F2B4E9C0B000FE06A /* NetworkManager.swift in Sources */ = {isa = PBXBuildFile; fileRef = D803B33E2B4E9C0B000FE06A /* NetworkManager.swift */; };
		D80F8EA72B4D20F7000AE207 /* AppDelegate.swift in Sources */ = {isa = PBXBuildFile; fileRef = D80F8EA62B4D20F7000AE207 /* AppDelegate.swift */; };
		D80F8EA92B4D20F7000AE207 /* SceneDelegate.swift in Sources */ = {isa = PBXBuildFile; fileRef = D80F8EA82B4D20F7000AE207 /* SceneDelegate.swift */; };
		D80F8EAB2B4D20F7000AE207 /* ViewController.swift in Sources */ = {isa = PBXBuildFile; fileRef = D80F8EAA2B4D20F7000AE207 /* ViewController.swift */; };
		D80F8EAE2B4D20F7000AE207 /* Main.storyboard in Resources */ = {isa = PBXBuildFile; fileRef = D80F8EAC2B4D20F7000AE207 /* Main.storyboard */; };
		D80F8EB02B4D20FA000AE207 /* Assets.xcassets in Resources */ = {isa = PBXBuildFile; fileRef = D80F8EAF2B4D20FA000AE207 /* Assets.xcassets */; };
		D80F8EB32B4D20FA000AE207 /* LaunchScreen.storyboard in Resources */ = {isa = PBXBuildFile; fileRef = D80F8EB12B4D20FA000AE207 /* LaunchScreen.storyboard */; };
		D80F8EBC2B4D2139000AE207 /* libbackend.a in Frameworks */ = {isa = PBXBuildFile; fileRef = D80F8EBB2B4D2127000AE207 /* libbackend.a */; };
		D80F8EBE2B4D2148000AE207 /* libresolv.tbd in Frameworks */ = {isa = PBXBuildFile; fileRef = D80F8EBD2B4D213F000AE207 /* libresolv.tbd */; };
		D80F8EC12B4D2802000AE207 /* Request.swift in Sources */ = {isa = PBXBuildFile; fileRef = D80F8EC02B4D2802000AE207 /* Request.swift */; };
		D80F8EC62B4D2A55000AE207 /* SettingViewController.swift in Sources */ = {isa = PBXBuildFile; fileRef = D80F8EC52B4D2A55000AE207 /* SettingViewController.swift */; };
		D80F8EC92B4D2AA3000AE207 /* CustomViewController.swift in Sources */ = {isa = PBXBuildFile; fileRef = D80F8EC82B4D2AA3000AE207 /* CustomViewController.swift */; };
/* End PBXBuildFile section */

/* Begin PBXFileReference section */
		D803B3362B4E3095000FE06A /* dist */ = {isa = PBXFileReference; lastKnownFileType = folder; name = dist; path = ../../web/dist; sourceTree = "<group>"; };
		D803B33C2B4E9958000FE06A /* libarchive.tbd */ = {isa = PBXFileReference; lastKnownFileType = "sourcecode.text-based-dylib-definition"; name = libarchive.tbd; path = usr/lib/libarchive.tbd; sourceTree = SDKROOT; };
		D803B33E2B4E9C0B000FE06A /* NetworkManager.swift */ = {isa = PBXFileReference; lastKnownFileType = sourcecode.swift; path = NetworkManager.swift; sourceTree = "<group>"; };
		D80F8EA32B4D20F7000AE207 /* Film.app */ = {isa = PBXFileReference; explicitFileType = wrapper.application; includeInIndex = 0; path = Film.app; sourceTree = BUILT_PRODUCTS_DIR; };
		D80F8EA62B4D20F7000AE207 /* AppDelegate.swift */ = {isa = PBXFileReference; lastKnownFileType = sourcecode.swift; path = AppDelegate.swift; sourceTree = "<group>"; };
		D80F8EA82B4D20F7000AE207 /* SceneDelegate.swift */ = {isa = PBXFileReference; lastKnownFileType = sourcecode.swift; path = SceneDelegate.swift; sourceTree = "<group>"; };
		D80F8EAA2B4D20F7000AE207 /* ViewController.swift */ = {isa = PBXFileReference; lastKnownFileType = sourcecode.swift; path = ViewController.swift; sourceTree = "<group>"; };
		D80F8EAD2B4D20F7000AE207 /* Base */ = {isa = PBXFileReference; lastKnownFileType = file.storyboard; name = Base; path = Base.lproj/Main.storyboard; sourceTree = "<group>"; };
		D80F8EAF2B4D20FA000AE207 /* Assets.xcassets */ = {isa = PBXFileReference; lastKnownFileType = folder.assetcatalog; path = Assets.xcassets; sourceTree = "<group>"; };
		D80F8EB22B4D20FA000AE207 /* Base */ = {isa = PBXFileReference; lastKnownFileType = file.storyboard; name = Base; path = Base.lproj/LaunchScreen.storyboard; sourceTree = "<group>"; };
		D80F8EB42B4D20FA000AE207 /* Info.plist */ = {isa = PBXFileReference; lastKnownFileType = text.plist.xml; path = Info.plist; sourceTree = "<group>"; };
		D80F8EBB2B4D2127000AE207 /* libbackend.a */ = {isa = PBXFileReference; lastKnownFileType = archive.ar; name = libbackend.a; path = ../backend/target/universal/release/libbackend.a; sourceTree = "<group>"; };
		D80F8EBD2B4D213F000AE207 /* libresolv.tbd */ = {isa = PBXFileReference; lastKnownFileType = "sourcecode.text-based-dylib-definition"; name = libresolv.tbd; path = usr/lib/libresolv.tbd; sourceTree = SDKROOT; };
		D80F8EC02B4D2802000AE207 /* Request.swift */ = {isa = PBXFileReference; lastKnownFileType = sourcecode.swift; path = Request.swift; sourceTree = "<group>"; };
		D80F8EC22B4D282D000AE207 /* bridging-header.h */ = {isa = PBXFileReference; fileEncoding = 4; lastKnownFileType = sourcecode.c.h; path = "bridging-header.h"; sourceTree = "<group>"; };
		D80F8EC32B4D282D000AE207 /* exports.h */ = {isa = PBXFileReference; fileEncoding = 4; lastKnownFileType = sourcecode.c.h; path = exports.h; sourceTree = "<group>"; };
		D80F8EC52B4D2A55000AE207 /* SettingViewController.swift */ = {isa = PBXFileReference; lastKnownFileType = sourcecode.swift; path = SettingViewController.swift; sourceTree = "<group>"; };
		D80F8EC82B4D2AA3000AE207 /* CustomViewController.swift */ = {isa = PBXFileReference; lastKnownFileType = sourcecode.swift; path = CustomViewController.swift; sourceTree = "<group>"; };
/* End PBXFileReference section */

/* Begin PBXFrameworksBuildPhase section */
		D80F8EA02B4D20F7000AE207 /* Frameworks */ = {
			isa = PBXFrameworksBuildPhase;
			buildActionMask = 2147483647;
			files = (
				D80F8EBC2B4D2139000AE207 /* libbackend.a in Frameworks */,
				D80F8EBE2B4D2148000AE207 /* libresolv.tbd in Frameworks */,
			);
			runOnlyForDeploymentPostprocessing = 0;
		};
/* End PBXFrameworksBuildPhase section */

/* Begin PBXGroup section */
		D803B33D2B4E9BFA000FE06A /* network */ = {
			isa = PBXGroup;
			children = (
				D803B33E2B4E9C0B000FE06A /* NetworkManager.swift */,
			);
			path = network;
			sourceTree = "<group>";
		};
		D80F8E9A2B4D20F7000AE207 = {
			isa = PBXGroup;
			children = (
				D80F8EA52B4D20F7000AE207 /* Film */,
				D80F8EA42B4D20F7000AE207 /* Products */,
				D80F8EBA2B4D2127000AE207 /* Frameworks */,
			);
			sourceTree = "<group>";
		};
		D80F8EA42B4D20F7000AE207 /* Products */ = {
			isa = PBXGroup;
			children = (
				D80F8EA32B4D20F7000AE207 /* Film.app */,
			);
			name = Products;
			sourceTree = "<group>";
		};
		D80F8EA52B4D20F7000AE207 /* Film */ = {
			isa = PBXGroup;
			children = (
				D803B33D2B4E9BFA000FE06A /* network */,
				D803B3362B4E3095000FE06A /* dist */,
				D80F8ECB2B4D3C70000AE207 /* controllers */,
				D80F8EBF2B4D27F7000AE207 /* models */,
				D80F8EA62B4D20F7000AE207 /* AppDelegate.swift */,
				D80F8EA82B4D20F7000AE207 /* SceneDelegate.swift */,
				D80F8EAA2B4D20F7000AE207 /* ViewController.swift */,
				D80F8EAC2B4D20F7000AE207 /* Main.storyboard */,
				D80F8EAF2B4D20FA000AE207 /* Assets.xcassets */,
				D80F8EB12B4D20FA000AE207 /* LaunchScreen.storyboard */,
				D80F8EB42B4D20FA000AE207 /* Info.plist */,
				D80F8EC22B4D282D000AE207 /* bridging-header.h */,
				D80F8EC32B4D282D000AE207 /* exports.h */,
			);
			path = Film;
			sourceTree = "<group>";
		};
		D80F8EBA2B4D2127000AE207 /* Frameworks */ = {
			isa = PBXGroup;
			children = (
				D803B33C2B4E9958000FE06A /* libarchive.tbd */,
				D80F8EBD2B4D213F000AE207 /* libresolv.tbd */,
				D80F8EBB2B4D2127000AE207 /* libbackend.a */,
			);
			name = Frameworks;
			sourceTree = "<group>";
		};
		D80F8EBF2B4D27F7000AE207 /* models */ = {
			isa = PBXGroup;
			children = (
				D80F8EC02B4D2802000AE207 /* Request.swift */,
			);
			path = models;
			sourceTree = "<group>";
		};
		D80F8ECB2B4D3C70000AE207 /* controllers */ = {
			isa = PBXGroup;
			children = (
				D80F8EC82B4D2AA3000AE207 /* CustomViewController.swift */,
				D80F8EC52B4D2A55000AE207 /* SettingViewController.swift */,
			);
			path = controllers;
			sourceTree = "<group>";
		};
/* End PBXGroup section */

/* Begin PBXNativeTarget section */
		D80F8EA22B4D20F7000AE207 /* Film */ = {
			isa = PBXNativeTarget;
			buildConfigurationList = D80F8EB72B4D20FA000AE207 /* Build configuration list for PBXNativeTarget "Film" */;
			buildPhases = (
				D80F8E9F2B4D20F7000AE207 /* Sources */,
				D80F8EA02B4D20F7000AE207 /* Frameworks */,
				D80F8EA12B4D20F7000AE207 /* Resources */,
			);
			buildRules = (
			);
			dependencies = (
			);
			name = Film;
			productName = Film;
			productReference = D80F8EA32B4D20F7000AE207 /* Film.app */;
			productType = "com.apple.product-type.application";
		};
/* End PBXNativeTarget section */

/* Begin PBXProject section */
		D80F8E9B2B4D20F7000AE207 /* Project object */ = {
			isa = PBXProject;
			attributes = {
				BuildIndependentTargetsInParallel = 1;
				LastSwiftUpdateCheck = 1500;
				LastUpgradeCheck = 1500;
				TargetAttributes = {
					D80F8EA22B4D20F7000AE207 = {
						CreatedOnToolsVersion = 15.0;
					};
				};
			};
			buildConfigurationList = D80F8E9E2B4D20F7000AE207 /* Build configuration list for PBXProject "Film" */;
			compatibilityVersion = "Xcode 14.0";
			developmentRegion = en;
			hasScannedForEncodings = 0;
			knownRegions = (
				en,
				Base,
			);
			mainGroup = D80F8E9A2B4D20F7000AE207;
			productRefGroup = D80F8EA42B4D20F7000AE207 /* Products */;
			projectDirPath = "";
			projectRoot = "";
			targets = (
				D80F8EA22B4D20F7000AE207 /* Film */,
			);
		};
/* End PBXProject section */

/* Begin PBXResourcesBuildPhase section */
		D80F8EA12B4D20F7000AE207 /* Resources */ = {
			isa = PBXResourcesBuildPhase;
			buildActionMask = 2147483647;
			files = (
				D803B3372B4E3095000FE06A /* dist in Resources */,
				D80F8EB32B4D20FA000AE207 /* LaunchScreen.storyboard in Resources */,
				D80F8EB02B4D20FA000AE207 /* Assets.xcassets in Resources */,
				D80F8EAE2B4D20F7000AE207 /* Main.storyboard in Resources */,
			);
			runOnlyForDeploymentPostprocessing = 0;
		};
/* End PBXResourcesBuildPhase section */

/* Begin PBXSourcesBuildPhase section */
		D80F8E9F2B4D20F7000AE207 /* Sources */ = {
			isa = PBXSourcesBuildPhase;
			buildActionMask = 2147483647;
			files = (
				D80F8EC62B4D2A55000AE207 /* SettingViewController.swift in Sources */,
				D80F8EAB2B4D20F7000AE207 /* ViewController.swift in Sources */,
				D80F8EC12B4D2802000AE207 /* Request.swift in Sources */,
				D803B33F2B4E9C0B000FE06A /* NetworkManager.swift in Sources */,
				D80F8EC92B4D2AA3000AE207 /* CustomViewController.swift in Sources */,
				D80F8EA72B4D20F7000AE207 /* AppDelegate.swift in Sources */,
				D80F8EA92B4D20F7000AE207 /* SceneDelegate.swift in Sources */,
			);
			runOnlyForDeploymentPostprocessing = 0;
		};
/* End PBXSourcesBuildPhase section */

/* Begin PBXVariantGroup section */
		D80F8EAC2B4D20F7000AE207 /* Main.storyboard */ = {
			isa = PBXVariantGroup;
			children = (
				D80F8EAD2B4D20F7000AE207 /* Base */,
			);
			name = Main.storyboard;
			sourceTree = "<group>";
		};
		D80F8EB12B4D20FA000AE207 /* LaunchScreen.storyboard */ = {
			isa = PBXVariantGroup;
			children = (
				D80F8EB22B4D20FA000AE207 /* Base */,
			);
			name = LaunchScreen.storyboard;
			sourceTree = "<group>";
		};
/* End PBXVariantGroup section */

/* Begin XCBuildConfiguration section */
		D80F8EB52B4D20FA000AE207 /* Debug */ = {
			isa = XCBuildConfiguration;
			buildSettings = {
				ALWAYS_SEARCH_USER_PATHS = NO;
				ASSETCATALOG_COMPILER_GENERATE_SWIFT_ASSET_SYMBOL_EXTENSIONS = YES;
				CLANG_ANALYZER_NONNULL = YES;
				CLANG_ANALYZER_NUMBER_OBJECT_CONVERSION = YES_AGGRESSIVE;
				CLANG_CXX_LANGUAGE_STANDARD = "gnu++20";
				CLANG_ENABLE_MODULES = YES;
				CLANG_ENABLE_OBJC_ARC = YES;
				CLANG_ENABLE_OBJC_WEAK = YES;
				CLANG_WARN_BLOCK_CAPTURE_AUTORELEASING = YES;
				CLANG_WARN_BOOL_CONVERSION = YES;
				CLANG_WARN_COMMA = YES;
				CLANG_WARN_CONSTANT_CONVERSION = YES;
				CLANG_WARN_DEPRECATED_OBJC_IMPLEMENTATIONS = YES;
				CLANG_WARN_DIRECT_OBJC_ISA_USAGE = YES_ERROR;
				CLANG_WARN_DOCUMENTATION_COMMENTS = YES;
				CLANG_WARN_EMPTY_BODY = YES;
				CLANG_WARN_ENUM_CONVERSION = YES;
				CLANG_WARN_INFINITE_RECURSION = YES;
				CLANG_WARN_INT_CONVERSION = YES;
				CLANG_WARN_NON_LITERAL_NULL_CONVERSION = YES;
				CLANG_WARN_OBJC_IMPLICIT_RETAIN_SELF = YES;
				CLANG_WARN_OBJC_LITERAL_CONVERSION = YES;
				CLANG_WARN_OBJC_ROOT_CLASS = YES_ERROR;
				CLANG_WARN_QUOTED_INCLUDE_IN_FRAMEWORK_HEADER = YES;
				CLANG_WARN_RANGE_LOOP_ANALYSIS = YES;
				CLANG_WARN_STRICT_PROTOTYPES = YES;
				CLANG_WARN_SUSPICIOUS_MOVE = YES;
				CLANG_WARN_UNGUARDED_AVAILABILITY = YES_AGGRESSIVE;
				CLANG_WARN_UNREACHABLE_CODE = YES;
				CLANG_WARN__DUPLICATE_METHOD_MATCH = YES;
				COPY_PHASE_STRIP = NO;
				DEBUG_INFORMATION_FORMAT = dwarf;
				ENABLE_STRICT_OBJC_MSGSEND = YES;
				ENABLE_TESTABILITY = YES;
				ENABLE_USER_SCRIPT_SANDBOXING = YES;
				GCC_C_LANGUAGE_STANDARD = gnu17;
				GCC_DYNAMIC_NO_PIC = NO;
				GCC_NO_COMMON_BLOCKS = YES;
				GCC_OPTIMIZATION_LEVEL = 0;
				GCC_PREPROCESSOR_DEFINITIONS = (
					"DEBUG=1",
					"$(inherited)",
				);
				GCC_WARN_64_TO_32_BIT_CONVERSION = YES;
				GCC_WARN_ABOUT_RETURN_TYPE = YES_ERROR;
				GCC_WARN_UNDECLARED_SELECTOR = YES;
				GCC_WARN_UNINITIALIZED_AUTOS = YES_AGGRESSIVE;
				GCC_WARN_UNUSED_FUNCTION = YES;
				GCC_WARN_UNUSED_VARIABLE = YES;
				IPHONEOS_DEPLOYMENT_TARGET = 16.4;
				LIBRARY_SEARCH_PATHS = "";
				LOCALIZATION_PREFERS_STRING_CATALOGS = YES;
				MTL_ENABLE_DEBUG_INFO = INCLUDE_SOURCE;
				MTL_FAST_MATH = YES;
				ONLY_ACTIVE_ARCH = YES;
				SDKROOT = iphoneos;
				SWIFT_ACTIVE_COMPILATION_CONDITIONS = "DEBUG $(inherited)";
				SWIFT_OPTIMIZATION_LEVEL = "-Onone";
			};
			name = Debug;
		};
		D80F8EB62B4D20FA000AE207 /* Release */ = {
			isa = XCBuildConfiguration;
			buildSettings = {
				ALWAYS_SEARCH_USER_PATHS = NO;
				ASSETCATALOG_COMPILER_GENERATE_SWIFT_ASSET_SYMBOL_EXTENSIONS = YES;
				CLANG_ANALYZER_NONNULL = YES;
				CLANG_ANALYZER_NUMBER_OBJECT_CONVERSION = YES_AGGRESSIVE;
				CLANG_CXX_LANGUAGE_STANDARD = "gnu++20";
				CLANG_ENABLE_MODULES = YES;
				CLANG_ENABLE_OBJC_ARC = YES;
				CLANG_ENABLE_OBJC_WEAK = YES;
				CLANG_WARN_BLOCK_CAPTURE_AUTORELEASING = YES;
				CLANG_WARN_BOOL_CONVERSION = YES;
				CLANG_WARN_COMMA = YES;
				CLANG_WARN_CONSTANT_CONVERSION = YES;
				CLANG_WARN_DEPRECATED_OBJC_IMPLEMENTATIONS = YES;
				CLANG_WARN_DIRECT_OBJC_ISA_USAGE = YES_ERROR;
				CLANG_WARN_DOCUMENTATION_COMMENTS = YES;
				CLANG_WARN_EMPTY_BODY = YES;
				CLANG_WARN_ENUM_CONVERSION = YES;
				CLANG_WARN_INFINITE_RECURSION = YES;
				CLANG_WARN_INT_CONVERSION = YES;
				CLANG_WARN_NON_LITERAL_NULL_CONVERSION = YES;
				CLANG_WARN_OBJC_IMPLICIT_RETAIN_SELF = YES;
				CLANG_WARN_OBJC_LITERAL_CONVERSION = YES;
				CLANG_WARN_OBJC_ROOT_CLASS = YES_ERROR;
				CLANG_WARN_QUOTED_INCLUDE_IN_FRAMEWORK_HEADER = YES;
				CLANG_WARN_RANGE_LOOP_ANALYSIS = YES;
				CLANG_WARN_STRICT_PROTOTYPES = YES;
				CLANG_WARN_SUSPICIOUS_MOVE = YES;
				CLANG_WARN_UNGUARDED_AVAILABILITY = YES_AGGRESSIVE;
				CLANG_WARN_UNREACHABLE_CODE = YES;
				CLANG_WARN__DUPLICATE_METHOD_MATCH = YES;
				COPY_PHASE_STRIP = NO;
				DEBUG_INFORMATION_FORMAT = "dwarf-with-dsym";
				ENABLE_NS_ASSERTIONS = NO;
				ENABLE_STRICT_OBJC_MSGSEND = YES;
				ENABLE_USER_SCRIPT_SANDBOXING = YES;
				GCC_C_LANGUAGE_STANDARD = gnu17;
				GCC_NO_COMMON_BLOCKS = YES;
				GCC_WARN_64_TO_32_BIT_CONVERSION = YES;
				GCC_WARN_ABOUT_RETURN_TYPE = YES_ERROR;
				GCC_WARN_UNDECLARED_SELECTOR = YES;
				GCC_WARN_UNINITIALIZED_AUTOS = YES_AGGRESSIVE;
				GCC_WARN_UNUSED_FUNCTION = YES;
				GCC_WARN_UNUSED_VARIABLE = YES;
				IPHONEOS_DEPLOYMENT_TARGET = 16.4;
				LIBRARY_SEARCH_PATHS = "";
				LOCALIZATION_PREFERS_STRING_CATALOGS = YES;
				MTL_ENABLE_DEBUG_INFO = NO;
				MTL_FAST_MATH = YES;
				SDKROOT = iphoneos;
				SWIFT_COMPILATION_MODE = wholemodule;
				VALIDATE_PRODUCT = YES;
			};
			name = Release;
		};
		D80F8EB82B4D20FA000AE207 /* Debug */ = {
			isa = XCBuildConfiguration;
			buildSettings = {
				ASSETCATALOG_COMPILER_APPICON_NAME = AppIcon;
				ASSETCATALOG_COMPILER_GLOBAL_ACCENT_COLOR_NAME = AccentColor;
				CODE_SIGN_STYLE = Automatic;
				CURRENT_PROJECT_VERSION = 1;
				DEVELOPMENT_TEAM = WXCUELC4PB;
				"EXCLUDED_ARCHS[sdk=iphonesimulator*]" = arm64;
				GENERATE_INFOPLIST_FILE = YES;
				INFOPLIST_FILE = Film/Info.plist;
				INFOPLIST_KEY_UIApplicationSupportsIndirectInputEvents = YES;
				INFOPLIST_KEY_UILaunchStoryboardName = LaunchScreen;
				INFOPLIST_KEY_UIMainStoryboardFile = Main;
				INFOPLIST_KEY_UISupportedInterfaceOrientations_iPad = "UIInterfaceOrientationPortrait UIInterfaceOrientationPortraitUpsideDown UIInterfaceOrientationLandscapeLeft UIInterfaceOrientationLandscapeRight";
				INFOPLIST_KEY_UISupportedInterfaceOrientations_iPhone = "UIInterfaceOrientationPortrait UIInterfaceOrientationLandscapeLeft UIInterfaceOrientationLandscapeRight";
				IPHONEOS_DEPLOYMENT_TARGET = 16.4;
				LD_RUNPATH_SEARCH_PATHS = (
					"$(inherited)",
					"@executable_path/Frameworks",
				);
				LIBRARY_SEARCH_PATHS = "$(PROJECT_DIR)/../backend/target/universal/release";
				MARKETING_VERSION = 1.0;
				PRODUCT_BUNDLE_IDENTIFIER = com.tdx.app.Film;
				PRODUCT_NAME = "$(TARGET_NAME)";
				SWIFT_EMIT_LOC_STRINGS = YES;
				SWIFT_OBJC_BRIDGING_HEADER = "$(PROJECT_DIR)/Film/bridging-header.h";
				SWIFT_VERSION = 5.0;
				TARGETED_DEVICE_FAMILY = "1,2";
			};
			name = Debug;
		};
		D80F8EB92B4D20FA000AE207 /* Release */ = {
			isa = XCBuildConfiguration;
			buildSettings = {
				ASSETCATALOG_COMPILER_APPICON_NAME = AppIcon;
				ASSETCATALOG_COMPILER_GLOBAL_ACCENT_COLOR_NAME = AccentColor;
				CODE_SIGN_STYLE = Automatic;
				CURRENT_PROJECT_VERSION = 1;
				DEVELOPMENT_TEAM = WXCUELC4PB;
				GENERATE_INFOPLIST_FILE = YES;
				INFOPLIST_FILE = Film/Info.plist;
				INFOPLIST_KEY_UIApplicationSupportsIndirectInputEvents = YES;
				INFOPLIST_KEY_UILaunchStoryboardName = LaunchScreen;
				INFOPLIST_KEY_UIMainStoryboardFile = Main;
				INFOPLIST_KEY_UISupportedInterfaceOrientations_iPad = "UIInterfaceOrientationPortrait UIInterfaceOrientationPortraitUpsideDown UIInterfaceOrientationLandscapeLeft UIInterfaceOrientationLandscapeRight";
				INFOPLIST_KEY_UISupportedInterfaceOrientations_iPhone = "UIInterfaceOrientationPortrait UIInterfaceOrientationLandscapeLeft UIInterfaceOrientationLandscapeRight";
				IPHONEOS_DEPLOYMENT_TARGET = 16.4;
				LD_RUNPATH_SEARCH_PATHS = (
					"$(inherited)",
					"@executable_path/Frameworks",
				);
				LIBRARY_SEARCH_PATHS = "$(PROJECT_DIR)/../backend/target/universal/release";
				MARKETING_VERSION = 1.0;
				PRODUCT_BUNDLE_IDENTIFIER = com.tdx.app.Film;
				PRODUCT_NAME = "$(TARGET_NAME)";
				SWIFT_EMIT_LOC_STRINGS = YES;
				SWIFT_OBJC_BRIDGING_HEADER = "$(PROJECT_DIR)/Film/bridging-header.h";
				SWIFT_VERSION = 5.0;
				TARGETED_DEVICE_FAMILY = "1,2";
			};
			name = Release;
		};
/* End XCBuildConfiguration section */

/* Begin XCConfigurationList section */
		D80F8E9E2B4D20F7000AE207 /* Build configuration list for PBXProject "Film" */ = {
			isa = XCConfigurationList;
			buildConfigurations = (
				D80F8EB52B4D20FA000AE207 /* Debug */,
				D80F8EB62B4D20FA000AE207 /* Release */,
			);
			defaultConfigurationIsVisible = 0;
			defaultConfigurationName = Release;
		};
		D80F8EB72B4D20FA000AE207 /* Build configuration list for PBXNativeTarget "Film" */ = {
			isa = XCConfigurationList;
			buildConfigurations = (
				D80F8EB82B4D20FA000AE207 /* Debug */,
				D80F8EB92B4D20FA000AE207 /* Release */,
			);
			defaultConfigurationIsVisible = 0;
			defaultConfigurationName = Release;
		};
/* End XCConfigurationList section */
	};
	rootObject = D80F8E9B2B4D20F7000AE207 /* Project object */;
}
